
Microsoft Visual Studio Solution File, Format Version 12.00
# Visual Studio Version 16
VisualStudioVersion = 16.0.31205.134
MinimumVisualStudioVersion = 10.0.40219.1
Project("{FAE04EC0-301F-11D3-BF4B-00C04F79EFBC}") = "DLL_game", "DLL_game\DLL_game.csproj", "{9C78FEB7-4279-44FD-94C9-0AA14A6FDDE1}"
EndProject
Global
	GlobalSection(SolutionConfigurationPlatforms) = preSolution
		Debug|Any CPU = Debug|Any CPU
		Release|Any CPU = Release|Any CPU
	EndGlobalSection
	GlobalSection(ProjectConfigurationPlatforms) = postSolution
		{9C78FEB7-4279-44FD-94C9-0AA14A6FDDE1}.Debug|Any CPU.ActiveCfg = Debug|Any CPU
		{9C78FEB7-4279-44FD-94C9-0AA14A6FDDE1}.Debug|Any CPU.Build.0 = Debug|Any CPU
		{9C78FEB7-4279-44FD-94C9-0AA14A6FDDE1}.Release|Any CPU.ActiveCfg = Release|Any CPU
		{9C78FEB7-4279-44FD-94C9-0AA14A6FDDE1}.Release|Any CPU.Build.0 = Release|Any CPU
	EndGlobalSection
	GlobalSection(SolutionProperties) = preSolution
		HideSolutionNode = FALSE
	EndGlobalSection
	GlobalSection(ExtensibilityGlobals) = postSolution
		SolutionGuid = {7C8AEBC7-4F51-4BB0-A7A0-82DC612F8B58}
	EndGlobalSection
EndGlobal
